<?xml version="1.0" encoding="utf-8"?>
<Project ToolsVersion="4.0" xmlns="http://schemas.microsoft.com/developer/msbuild/2003">
  <ItemGroup>
    <Filter Include="Library">
      <UniqueIdentifier>{d5173dcf-2786-4f98-bd55-d03549637dfe}</UniqueIdentifier>
    </Filter>
    <Filter Include="Src">
      <UniqueIdentifier>{80d0a5a9-6779-4863-bede-cc22a4986dc5}</UniqueIdentifier>
    </Filter>
    <Filter Include="Src\Framework">
      <UniqueIdentifier>{f5928314-3ee2-4e39-abfa-d93aa9ee5891}</UniqueIdentifier>
    </Filter>
    <Filter Include="Src\Framework\Direct3D">
      <UniqueIdentifier>{f193abd5-e51c-466e-a937-722bc9175e9a}</UniqueIdentifier>
    </Filter>
    <Filter Include="Src\Framework\Utility">
      <UniqueIdentifier>{f5d733b1-5031-4659-a9d4-0dd3add1e5fb}</UniqueIdentifier>
    </Filter>
    <Filter Include="Src\Framework\Window">
      <UniqueIdentifier>{cb022f2a-c5a2-449b-9b70-5110aff8550f}</UniqueIdentifier>
    </Filter>
    <Filter Include="Library\tinygltf">
      <UniqueIdentifier>{307bfbcd-124f-4ad7-85f5-3fd94f814b1f}</UniqueIdentifier>
    </Filter>
    <Filter Include="Src\Framework\Shader">
      <UniqueIdentifier>{93543c0c-58fe-4a94-8279-7be3021b65b1}</UniqueIdentifier>
    </Filter>
    <Filter Include="Src\Framework\Shader\SpriteShader">
      <UniqueIdentifier>{2da4d471-f4e8-4b2d-bdef-b93f91523b8b}</UniqueIdentifier>
    </Filter>
    <Filter Include="Src\Application">
      <UniqueIdentifier>{d0d0f9cf-dabd-4346-bc9a-d9c04cf42372}</UniqueIdentifier>
    </Filter>
    <Filter Include="Src\Framework\Math">
      <UniqueIdentifier>{04f33e76-24f0-4a58-9355-5770b3f6f9c6}</UniqueIdentifier>
    </Filter>
    <Filter Include="Src\Framework\Audio">
      <UniqueIdentifier>{2a0de30f-d7e8-4517-a9a1-20de6e434592}</UniqueIdentifier>
    </Filter>
    <Filter Include="Src\Framework\Shader\PostProcessShader">
      <UniqueIdentifier>{bfef98c3-f0b2-41b1-b813-6f298072287b}</UniqueIdentifier>
    </Filter>
    <Filter Include="Src\Framework\GameObject">
      <UniqueIdentifier>{d45ba257-913b-44e3-a012-888d7b6f2b68}</UniqueIdentifier>
    </Filter>
    <Filter Include="Src\Framework\Input">
      <UniqueIdentifier>{9bd33b87-53db-4bc0-b98d-80db98f4ba9b}</UniqueIdentifier>
    </Filter>
    <Filter Include="Src\Framework\Direct3D\Polygon">
      <UniqueIdentifier>{b91bce2d-4487-485a-a855-b2bb6ce0d30b}</UniqueIdentifier>
    </Filter>
    <Filter Include="Src\Framework\Shader\StandardShader">
      <UniqueIdentifier>{857913be-4481-4606-9719-87518d4a6aeb}</UniqueIdentifier>
    </Filter>
    <Filter Include="Src\Framework\Effekseer">
      <UniqueIdentifier>{c81b93e4-2f33-496a-985e-98658f1cec51}</UniqueIdentifier>
    </Filter>
    <Filter Include="Library\imgui">
      <UniqueIdentifier>{9e2b992a-9c34-450b-a4cf-c4749feebcc6}</UniqueIdentifier>
    </Filter>
    <Filter Include="Src\Framework\Font">
      <UniqueIdentifier>{66aaa1ee-9cbd-4422-b7c2-7885620d808f}</UniqueIdentifier>
    </Filter>
    <Filter Include="Src\Framework\Utility\KdDebug">
      <UniqueIdentifier>{8998a2f9-9d4a-46aa-95ef-1d0c2545ca0d}</UniqueIdentifier>
    </Filter>
    <Filter Include="Src\Application\Scene">
      <UniqueIdentifier>{a572e10e-6690-4c7c-af7d-7dcf13d1ee2f}</UniqueIdentifier>
    </Filter>
    <Filter Include="Src\Application\Scene\BaseScene">
      <UniqueIdentifier>{7f2dd72a-1b1e-4fb4-b0cb-8ea5a69cd1b8}</UniqueIdentifier>
    </Filter>
    <Filter Include="Src\Application\Scene\GameScene">
      <UniqueIdentifier>{050f45dd-d558-4156-bcc6-0b010d3265c8}</UniqueIdentifier>
    </Filter>
    <Filter Include="Src\Application\Scene\TitleScene">
      <UniqueIdentifier>{6036b8f3-498e-401e-865a-f8632985b816}</UniqueIdentifier>
    </Filter>
    <Filter Include="Src\Application\Object">
      <UniqueIdentifier>{1ce3d81b-3307-4330-b2a0-ecf152be7a96}</UniqueIdentifier>
    </Filter>
    <Filter Include="Src\Application\System">
      <UniqueIdentifier>{80a6e90f-8fe5-40c4-a246-1feb897d5bef}</UniqueIdentifier>
    </Filter>
    <Filter Include="Src\Application\Object\Character">
      <UniqueIdentifier>{522a47fb-199e-4cd7-a891-acaa13bb4cce}</UniqueIdentifier>
    </Filter>
    <Filter Include="Src\Application\System\AudioManager">
      <UniqueIdentifier>{49661077-28ba-410a-994b-df06aa5ed71b}</UniqueIdentifier>
    </Filter>
    <Filter Include="Src\Application\System\InputManager">
      <UniqueIdentifier>{79959514-6113-40e4-87db-37943cf36bf1}</UniqueIdentifier>
    </Filter>
    <Filter Include="Src\Application\Object\Character\Player">
      <UniqueIdentifier>{804f90fe-7070-44c9-b7ac-4ffd7564c200}</UniqueIdentifier>
    </Filter>
    <Filter Include="Src\Application\Object\Character\Enemy">
      <UniqueIdentifier>{f110c9cb-3558-4078-80b0-173ab313123f}</UniqueIdentifier>
    </Filter>
    <Filter Include="Src\Application\Object\Character\Enemy\BaseEnemy">
      <UniqueIdentifier>{1d2e63a5-9281-46f1-8858-7c47eb9eb691}</UniqueIdentifier>
    </Filter>
    <Filter Include="Src\Application\System\TimeManager">
      <UniqueIdentifier>{c3ee3dcd-5363-4f7c-9d95-106922b42158}</UniqueIdentifier>
    </Filter>
    <Filter Include="Src\Application\System\CameraManager">
      <UniqueIdentifier>{3153201a-599c-46d3-90b9-b1471a18c8b4}</UniqueIdentifier>
    </Filter>
    <Filter Include="Src\Application\System\ResourceManager">
      <UniqueIdentifier>{ae028036-4bb9-4872-9106-a826b15b6227}</UniqueIdentifier>
    </Filter>
    <Filter Include="Src\Application\Object\Building">
      <UniqueIdentifier>{78619626-568d-478d-bd95-b51fa19bfb1f}</UniqueIdentifier>
    </Filter>
    <Filter Include="Src\Application\Object\ObjectManager">
      <UniqueIdentifier>{97cb2308-5ca6-4fc9-a8fe-5fd112a8f8e7}</UniqueIdentifier>
    </Filter>
    <Filter Include="Src\Application\Object\Ground">
      <UniqueIdentifier>{77fed7e7-e03d-42ad-b8d6-290897a6d73e}</UniqueIdentifier>
    </Filter>
    <Filter Include="Src\Application\System\EventBus">
      <UniqueIdentifier>{b3b1b2fc-60bf-4e0b-a698-1146845749af}</UniqueIdentifier>
    </Filter>
    <Filter Include="Src\Application\System\EventBus\Event">
      <UniqueIdentifier>{9a2267eb-9038-4480-9c93-44b26d25535c}</UniqueIdentifier>
    </Filter>
    <Filter Include="Src\Application\Object\EventObject">
      <UniqueIdentifier>{6d0155df-1d34-4e5d-9f27-8bb52a1faebd}</UniqueIdentifier>
    </Filter>
    <Filter Include="Src\Application\Object\ObjectManager\MapManager">
      <UniqueIdentifier>{a5bd9be0-c458-45df-bd3d-c384fe4be8ac}</UniqueIdentifier>
    </Filter>
    <Filter Include="Src\Application\Object\SkySphere">
      <UniqueIdentifier>{b7ded79f-5f73-41d9-a8b8-58e65801e2c7}</UniqueIdentifier>
    </Filter>
    <Filter Include="Src\Application\System\UIManager">
      <UniqueIdentifier>{62a34854-674a-4051-922f-98112f84aa0d}</UniqueIdentifier>
    </Filter>
    <Filter Include="Src\Application\System\UIManager\UI">
      <UniqueIdentifier>{f9dd569c-1e89-47d4-a609-3fc7aa772aef}</UniqueIdentifier>
    </Filter>
    <Filter Include="Src\Application\Object\Effect">
      <UniqueIdentifier>{d018a189-9edb-459b-a525-dfab20af04b3}</UniqueIdentifier>
    </Filter>
    <Filter Include="Src\Application\Object\EventObject\SpeedUpObject">
      <UniqueIdentifier>{b53c5acd-da55-48a4-9f70-2d9bea576fae}</UniqueIdentifier>
    </Filter>
    <Filter Include="Src\Application\Object\ObjectManager\SpawnManager">
      <UniqueIdentifier>{2cd4ef7f-e061-4d91-93a7-f71438eb95f9}</UniqueIdentifier>
    </Filter>
    <Filter Include="Src\Application\System\Reader">
      <UniqueIdentifier>{9471735e-62cf-4059-8668-2fcc205626c4}</UniqueIdentifier>
    </Filter>
    <Filter Include="Src\Application\System\UIManager\UI\Game">
      <UniqueIdentifier>{b202dbb6-e46a-420c-a5c9-73342836f469}</UniqueIdentifier>
    </Filter>
    <Filter Include="Src\Application\System\UIManager\UI\Game\Meter">
      <UniqueIdentifier>{509c2709-c423-43a0-a9eb-9442db90ca72}</UniqueIdentifier>
    </Filter>
    <Filter Include="Src\Application\Object\Effect\Exprosion">
      <UniqueIdentifier>{c1a2a770-db82-49f7-a521-3147c45f9562}</UniqueIdentifier>
    </Filter>
    <Filter Include="Src\Application\System\FadeManager">
      <UniqueIdentifier>{dde9d3db-733e-45ab-ab35-73e888d42102}</UniqueIdentifier>
    </Filter>
    <Filter Include="Src\Application\System\ConvertScreen">
      <UniqueIdentifier>{ccf4408c-a182-4e0c-930f-74e7654a2d0b}</UniqueIdentifier>
    </Filter>
    <Filter Include="Src\Application\System\UIManager\UI\Result">
      <UniqueIdentifier>{c9b3b758-3aef-400b-ae6d-98d458d9b99c}</UniqueIdentifier>
    </Filter>
    <Filter Include="Src\Application\System\UIManager\UI\Game\Time">
      <UniqueIdentifier>{523912b0-6a2d-41fe-8246-973d95b9de7b}</UniqueIdentifier>
    </Filter>
    <Filter Include="Src\Application\Scene\ResultScene">
      <UniqueIdentifier>{1e756184-85f8-4e29-8ca4-081e2906f18c}</UniqueIdentifier>
    </Filter>
    <Filter Include="Src\Application\System\UIManager\UI\Result\DeliveryScore">
      <UniqueIdentifier>{2ba3a796-0397-4fbb-85a5-9df572073f33}</UniqueIdentifier>
    </Filter>
    <Filter Include="Src\Application\System\UIManager\UI\Result\Back">
      <UniqueIdentifier>{b373d9aa-41c2-435f-9171-026bac7fd48c}</UniqueIdentifier>
    </Filter>
    <Filter Include="Src\Application\System\UIManager\UI\Result\DestroyScore">
      <UniqueIdentifier>{37780daf-1ca4-4530-a77d-5b42a64e689f}</UniqueIdentifier>
    </Filter>
    <Filter Include="Src\Application\System\UIManager\UI\Title">
      <UniqueIdentifier>{a66044cc-b469-4e6f-94d3-813237c93f27}</UniqueIdentifier>
    </Filter>
    <Filter Include="Src\Application\System\UIManager\UI\Title\TitleText">
      <UniqueIdentifier>{b59bc27a-133a-4363-881a-9e73c6294470}</UniqueIdentifier>
    </Filter>
    <Filter Include="Src\Application\System\UIManager\UI\Result\ResultText">
      <UniqueIdentifier>{8ea4f47a-74be-4081-9ba3-e99f8f169873}</UniqueIdentifier>
    </Filter>
    <Filter Include="Src\Application\System\UIManager\UI\Result\ResultTItle">
      <UniqueIdentifier>{1d70c5a2-315c-4f43-8402-29032e6afaa9}</UniqueIdentifier>
    </Filter>
    <Filter Include="Src\Application\Object\Effect\Smoke">
      <UniqueIdentifier>{e841050d-3ca7-4c3d-a47c-828a85135293}</UniqueIdentifier>
    </Filter>
  </ItemGroup>
  <ItemGroup>
    <ClInclude Include="src\Pch.h">
      <Filter>Src</Filter>
    </ClInclude>
    <ClInclude Include="..\Library\tinygltf\json.hpp">
      <Filter>Library\tinygltf</Filter>
    </ClInclude>
    <ClInclude Include="..\Library\tinygltf\stb_image.h">
      <Filter>Library\tinygltf</Filter>
    </ClInclude>
    <ClInclude Include="..\Library\tinygltf\stb_image_write.h">
      <Filter>Library\tinygltf</Filter>
    </ClInclude>
    <ClInclude Include="..\Library\tinygltf\tiny_gltf.h">
      <Filter>Library\tinygltf</Filter>
    </ClInclude>
    <ClInclude Include="Src\Application\main.h">
      <Filter>Src\Application</Filter>
    </ClInclude>
    <ClInclude Include="src\Framework\Direct3D\KdDirect3D.h">
      <Filter>Src\Framework\Direct3D</Filter>
    </ClInclude>
    <ClInclude Include="src\Framework\Direct3D\KdTexture.h">
      <Filter>Src\Framework\Direct3D</Filter>
    </ClInclude>
    <ClInclude Include="src\Framework\Direct3D\KdBuffer.h">
      <Filter>Src\Framework\Direct3D</Filter>
    </ClInclude>
    <ClInclude Include="Src\Framework\Direct3D\KdGLTFLoader.h">
      <Filter>Src\Framework\Direct3D</Filter>
    </ClInclude>
    <ClInclude Include="Src\Framework\Shader\KdShaderManager.h">
      <Filter>Src\Framework\Shader</Filter>
    </ClInclude>
    <ClInclude Include="Src\Framework\Shader\SpriteShader\KdSpriteShader.h">
      <Filter>Src\Framework\Shader\SpriteShader</Filter>
    </ClInclude>
    <ClInclude Include="src\Framework\Utility\KdUtility.h">
      <Filter>Src\Framework\Utility</Filter>
    </ClInclude>
    <ClInclude Include="src\Framework\KdFramework.h">
      <Filter>Src\Framework</Filter>
    </ClInclude>
    <ClInclude Include="..\Library\strconv.h">
      <Filter>Library</Filter>
    </ClInclude>
    <ClInclude Include="src\Framework\Window\KdWindow.h">
      <Filter>Src\Framework\Window</Filter>
    </ClInclude>
    <ClInclude Include="src\Framework\Direct3D\KdMesh.h">
      <Filter>Src\Framework\Direct3D</Filter>
    </ClInclude>
    <ClInclude Include="Src\Framework\Direct3D\KdModel.h">
      <Filter>Src\Framework\Direct3D</Filter>
    </ClInclude>
    <ClInclude Include="Src\Framework\Math\KdCollision.h">
      <Filter>Src\Framework\Math</Filter>
    </ClInclude>
    <ClInclude Include="Src\Framework\Math\KdAnimation.h">
      <Filter>Src\Framework\Math</Filter>
    </ClInclude>
    <ClInclude Include="Src\Framework\Audio\KdAudio.h">
      <Filter>Src\Framework\Audio</Filter>
    </ClInclude>
    <ClInclude Include="Src\Framework\Direct3D\KdCamera.h">
      <Filter>Src\Framework\Direct3D</Filter>
    </ClInclude>
    <ClInclude Include="Src\Framework\Shader\PostProcessShader\KdPostProcessShader.h">
      <Filter>Src\Framework\Shader\PostProcessShader</Filter>
    </ClInclude>
    <ClInclude Include="Src\Framework\Math\KdCollider.h">
      <Filter>Src\Framework\Math</Filter>
    </ClInclude>
    <ClInclude Include="Src\Framework\Math\KdEasing.h">
      <Filter>Src\Framework\Math</Filter>
    </ClInclude>
    <ClInclude Include="Src\Framework\GameObject\KdGameObject.h">
      <Filter>Src\Framework\GameObject</Filter>
    </ClInclude>
    <ClInclude Include="Src\Framework\GameObject\KdGameObjectFactory.h">
      <Filter>Src\Framework\GameObject</Filter>
    </ClInclude>
    <ClInclude Include="Src\Framework\Input\KdInput.h">
      <Filter>Src\Framework\Input</Filter>
    </ClInclude>
    <ClInclude Include="Src\Framework\Utility\KdCSVData.h">
      <Filter>Src\Framework\Utility</Filter>
    </ClInclude>
    <ClInclude Include="Src\Framework\Direct3D\Polygon\KdPolygon.h">
      <Filter>Src\Framework\Direct3D\Polygon</Filter>
    </ClInclude>
    <ClInclude Include="Src\Framework\Direct3D\Polygon\KdSquarePolygon.h">
      <Filter>Src\Framework\Direct3D\Polygon</Filter>
    </ClInclude>
    <ClInclude Include="Src\Framework\Direct3D\Polygon\KdTrailPolygon.h">
      <Filter>Src\Framework\Direct3D\Polygon</Filter>
    </ClInclude>
    <ClInclude Include="Src\Framework\Direct3D\KdMaterial.h">
      <Filter>Src\Framework\Direct3D</Filter>
    </ClInclude>
    <ClInclude Include="Src\Framework\Utility\KdDataStorage.h">
      <Filter>Src\Framework\Utility</Filter>
    </ClInclude>
    <ClInclude Include="Src\Framework\Shader\KdAmbientController.h">
      <Filter>Src\Framework\Shader</Filter>
    </ClInclude>
    <ClInclude Include="Src\Framework\Math\KdUVAnimation.h">
      <Filter>Src\Framework\Math</Filter>
    </ClInclude>
    <ClInclude Include="Src\Framework\Shader\KdRenderTargetChange.h">
      <Filter>Src\Framework\Shader</Filter>
    </ClInclude>
    <ClInclude Include="Src\Framework\Utility\KdFPSController.h">
      <Filter>Src\Framework\Utility</Filter>
    </ClInclude>
    <ClInclude Include="Src\Framework\Shader\StandardShader\KdStandardShader.h">
      <Filter>Src\Framework\Shader\StandardShader</Filter>
    </ClInclude>
    <ClInclude Include="Src\Framework\Effekseer\KdEffekseerManager.h">
      <Filter>Src\Framework\Effekseer</Filter>
    </ClInclude>
    <ClInclude Include="Src\Framework\Utility\KdRandom.h">
      <Filter>Src\Framework\Utility</Filter>
    </ClInclude>
    <ClInclude Include="..\Library\imgui\imconfig.h">
      <Filter>Library\imgui</Filter>
    </ClInclude>
    <ClInclude Include="..\Library\imgui\imgui.h">
      <Filter>Library\imgui</Filter>
    </ClInclude>
    <ClInclude Include="..\Library\imgui\imgui_impl_dx11.h">
      <Filter>Library\imgui</Filter>
    </ClInclude>
    <ClInclude Include="..\Library\imgui\imgui_impl_win32.h">
      <Filter>Library\imgui</Filter>
    </ClInclude>
    <ClInclude Include="..\Library\imgui\imgui_internal.h">
      <Filter>Library\imgui</Filter>
    </ClInclude>
    <ClInclude Include="..\Library\imgui\imgui_stdlib.h">
      <Filter>Library\imgui</Filter>
    </ClInclude>
    <ClInclude Include="..\Library\imgui\imstb_rectpack.h">
      <Filter>Library\imgui</Filter>
    </ClInclude>
    <ClInclude Include="..\Library\imgui\imstb_textedit.h">
      <Filter>Library\imgui</Filter>
    </ClInclude>
    <ClInclude Include="..\Library\imgui\imstb_truetype.h">
      <Filter>Library\imgui</Filter>
    </ClInclude>
    <ClInclude Include="..\Library\imgui\ja_glyph_ranges.h">
      <Filter>Library\imgui</Filter>
    </ClInclude>
    <ClInclude Include="Src\Framework\Font\KdFont.h">
      <Filter>Src\Framework\Font</Filter>
    </ClInclude>
    <ClInclude Include="Src\Framework\Utility\KdDebug\KdDebugGUI.h">
      <Filter>Src\Framework\Utility\KdDebug</Filter>
    </ClInclude>
    <ClInclude Include="Src\Framework\Utility\KdDebug\KdDebugWireFrame.h">
      <Filter>Src\Framework\Utility\KdDebug</Filter>
    </ClInclude>
    <ClInclude Include="Src\Application\Scene\SceneManager.h">
      <Filter>Src\Application\Scene</Filter>
    </ClInclude>
    <ClInclude Include="Src\Application\Scene\TitleScene\TitleScene.h">
      <Filter>Src\Application\Scene\TitleScene</Filter>
    </ClInclude>
    <ClInclude Include="Src\Application\Scene\GameScene\GameScene.h">
      <Filter>Src\Application\Scene\GameScene</Filter>
    </ClInclude>
    <ClInclude Include="Src\Application\Scene\BaseScene\BaseScene.h">
      <Filter>Src\Application\Scene\BaseScene</Filter>
    </ClInclude>
    <ClInclude Include="Src\Application\System\InputManager\InputManager.h">
      <Filter>Src\Application\System\InputManager</Filter>
    </ClInclude>
    <ClInclude Include="Src\Application\Object\Character\Player\Player.h">
      <Filter>Src\Application\Object\Character\Player</Filter>
    </ClInclude>
    <ClInclude Include="Src\Application\Object\Character\Enemy\BaseEnemy\BaseEnemy.h">
      <Filter>Src\Application\Object\Character\Enemy\BaseEnemy</Filter>
    </ClInclude>
    <ClInclude Include="Src\Application\System\CameraManager\CameraManager.h">
      <Filter>Src\Application\System\CameraManager</Filter>
    </ClInclude>
    <ClInclude Include="Src\Application\System\ResourceManager\ResourceManager.h">
      <Filter>Src\Application\System\ResourceManager</Filter>
    </ClInclude>
    <ClInclude Include="Src\Application\Object\Building\Building.h">
      <Filter>Src\Application\Object\Building</Filter>
    </ClInclude>
    <ClInclude Include="Src\Application\Object\ObjectManager\ObjectManager.h">
      <Filter>Src\Application\Object\ObjectManager</Filter>
    </ClInclude>
    <ClInclude Include="Src\Application\Object\Ground\Ground.h">
      <Filter>Src\Application\Object\Ground</Filter>
    </ClInclude>
    <ClInclude Include="Src\Application\System\EventBus\LocalEventBus.h">
      <Filter>Src\Application\System\EventBus</Filter>
    </ClInclude>
    <ClInclude Include="Src\Application\System\EventBus\GlobalEventBus.h">
      <Filter>Src\Application\System\EventBus</Filter>
    </ClInclude>
    <ClInclude Include="Src\Application\System\EventBus\Event\Event.h">
      <Filter>Src\Application\System\EventBus\Event</Filter>
    </ClInclude>
    <ClInclude Include="Src\Application\Object\EventObject\DeliveryPoint.h">
      <Filter>Src\Application\Object\EventObject</Filter>
    </ClInclude>
    <ClInclude Include="Src\Application\Object\ObjectManager\MapManager\MapManager.h">
      <Filter>Src\Application\Object\ObjectManager\MapManager</Filter>
    </ClInclude>
    <ClInclude Include="Src\Application\Object\SkySphere\SkySphere.h">
      <Filter>Src\Application\Object\SkySphere</Filter>
    </ClInclude>
    <ClInclude Include="Src\Application\System\UIManager\UIObject\UIObject.h">
      <Filter>Src\Application\System\UIManager\UI</Filter>
    </ClInclude>
    <ClInclude Include="Src\Application\System\UIManager\UIManager.h">
      <Filter>Src\Application\System\UIManager</Filter>
    </ClInclude>
    <ClInclude Include="Src\Application\System\TimeManager\TimeManager.h">
      <Filter>Src\Application\System\TimeManager</Filter>
    </ClInclude>
    <ClInclude Include="Src\Application\Object\Effect\EffectBase.h">
      <Filter>Src\Application\Object\Effect</Filter>
    </ClInclude>
    <ClInclude Include="Src\Application\Object\EventObject\SpeedUpObject\SpeedUpObject.h">
      <Filter>Src\Application\Object\EventObject\SpeedUpObject</Filter>
    </ClInclude>
    <ClInclude Include="Src\Application\Object\ObjectManager\SpawnManager\SpawnManager.h">
      <Filter>Src\Application\Object\ObjectManager\SpawnManager</Filter>
    </ClInclude>
    <ClInclude Include="Src\Application\System\Reader\Reader.h">
      <Filter>Src\Application\System\Reader</Filter>
    </ClInclude>
    <ClInclude Include="Src\Application\System\UIManager\UIObject\Game\Meter\MeterUI.h">
      <Filter>Src\Application\System\UIManager\UI\Game\Meter</Filter>
    </ClInclude>
    <ClInclude Include="Src\Application\Object\Effect\Exprosion\Exprosion.h">
      <Filter>Src\Application\Object\Effect\Exprosion</Filter>
    </ClInclude>
    <ClInclude Include="Src\Application\System\FadeManager\FadeManager.h">
      <Filter>Src\Application\System\FadeManager</Filter>
    </ClInclude>
    <ClInclude Include="Src\Application\System\AudioManager\AudioManager.h">
      <Filter>Src\Application\System\AudioManager</Filter>
    </ClInclude>
    <ClInclude Include="Src\Application\System\ConvertScreen\ConvertScreen.h">
      <Filter>Src\Application\System\ConvertScreen</Filter>
    </ClInclude>
    <ClInclude Include="Src\Application\System\UIManager\UIObject\Game\Time\TimeUI.h">
      <Filter>Src\Application\System\UIManager\UI\Game\Time</Filter>
    </ClInclude>
    <ClInclude Include="Src\Application\Scene\ResultScene\ResultScene.h">
      <Filter>Src\Application\Scene\ResultScene</Filter>
    </ClInclude>
    <ClInclude Include="Src\Application\System\UIManager\UIObject\Result\DeliveryScore\DeliveryScoreUI.h">
      <Filter>Src\Application\System\UIManager\UI\Result\DeliveryScore</Filter>
    </ClInclude>
    <ClInclude Include="Src\Application\System\UIManager\UIObject\Result\Back\BackUI.h">
      <Filter>Src\Application\System\UIManager\UI\Result\Back</Filter>
    </ClInclude>
    <ClInclude Include="Src\Application\System\UIManager\UIObject\Result\DestroyScore\DestroyScoreUI.h">
      <Filter>Src\Application\System\UIManager\UI\Result\DestroyScore</Filter>
    </ClInclude>
    <ClInclude Include="Src\Application\System\UIManager\UIObject\Title\TitleText\TitleTextUI.h">
      <Filter>Src\Application\System\UIManager\UI\Title\TitleText</Filter>
    </ClInclude>
    <ClInclude Include="Src\Application\System\UIManager\UIObject\Result\ResultText\ResultTextUI.h">
      <Filter>Src\Application\System\UIManager\UI\Result\ResultText</Filter>
    </ClInclude>
    <ClInclude Include="Src\Application\System\UIManager\UIObject\Result\ResultTitle\ResultTitle.h">
      <Filter>Src\Application\System\UIManager\UI\Result\ResultTItle</Filter>
    </ClInclude>
    <ClInclude Include="Src\Application\Object\Effect\Smoke\Smoke.h">
      <Filter>Src\Application\Object\Effect\Smoke</Filter>
    </ClInclude>
  </ItemGroup>
  <ItemGroup>
    <ClCompile Include="src\Pch.cpp">
      <Filter>Src</Filter>
    </ClCompile>
    <ClCompile Include="Src\Application\main.cpp">
      <Filter>Src\Application</Filter>
    </ClCompile>
    <ClCompile Include="src\Framework\Direct3D\KdDirect3D.cpp">
      <Filter>Src\Framework\Direct3D</Filter>
    </ClCompile>
    <ClCompile Include="src\Framework\Direct3D\KdTexture.cpp">
      <Filter>Src\Framework\Direct3D</Filter>
    </ClCompile>
    <ClCompile Include="src\Framework\Direct3D\KdBuffer.cpp">
      <Filter>Src\Framework\Direct3D</Filter>
    </ClCompile>
    <ClCompile Include="Src\Framework\Direct3D\KdGLTFLoader.cpp">
      <Filter>Src\Framework\Direct3D</Filter>
    </ClCompile>
    <ClCompile Include="Src\Framework\Shader\KdShaderManager.cpp">
      <Filter>Src\Framework\Shader</Filter>
    </ClCompile>
    <ClCompile Include="Src\Framework\Shader\SpriteShader\KdSpriteShader.cpp">
      <Filter>Src\Framework\Shader\SpriteShader</Filter>
    </ClCompile>
    <ClCompile Include="src\Framework\Window\KdWindow.cpp">
      <Filter>Src\Framework\Window</Filter>
    </ClCompile>
    <ClCompile Include="Src\Framework\Utility\KdUtility.cpp">
      <Filter>Src\Framework\Utility</Filter>
    </ClCompile>
    <ClCompile Include="src\Framework\Direct3D\KdMesh.cpp">
      <Filter>Src\Framework\Direct3D</Filter>
    </ClCompile>
    <ClCompile Include="Src\Framework\Direct3D\KdModel.cpp">
      <Filter>Src\Framework\Direct3D</Filter>
    </ClCompile>
    <ClCompile Include="Src\Framework\Math\KdCollision.cpp">
      <Filter>Src\Framework\Math</Filter>
    </ClCompile>
    <ClCompile Include="Src\Framework\Math\KdAnimation.cpp">
      <Filter>Src\Framework\Math</Filter>
    </ClCompile>
    <ClCompile Include="Src\Framework\Audio\KdAudio.cpp">
      <Filter>Src\Framework\Audio</Filter>
    </ClCompile>
    <ClCompile Include="Src\Framework\Direct3D\KdCamera.cpp">
      <Filter>Src\Framework\Direct3D</Filter>
    </ClCompile>
    <ClCompile Include="Src\Framework\Shader\PostProcessShader\KdPostProcessShader.cpp">
      <Filter>Src\Framework\Shader\PostProcessShader</Filter>
    </ClCompile>
    <ClCompile Include="Src\Framework\Math\KdCollider.cpp">
      <Filter>Src\Framework\Math</Filter>
    </ClCompile>
    <ClCompile Include="Src\Framework\Math\KdEasing.cpp">
      <Filter>Src\Framework\Math</Filter>
    </ClCompile>
    <ClCompile Include="Src\Framework\GameObject\KdGameObject.cpp">
      <Filter>Src\Framework\GameObject</Filter>
    </ClCompile>
    <ClCompile Include="Src\Framework\GameObject\KdGameObjectFactory.cpp">
      <Filter>Src\Framework\GameObject</Filter>
    </ClCompile>
    <ClCompile Include="Src\Framework\Input\KdInput.cpp">
      <Filter>Src\Framework\Input</Filter>
    </ClCompile>
    <ClCompile Include="Src\Framework\Utility\KdCSVData.cpp">
      <Filter>Src\Framework\Utility</Filter>
    </ClCompile>
    <ClCompile Include="Src\Framework\Direct3D\Polygon\KdSquarePolygon.cpp">
      <Filter>Src\Framework\Direct3D\Polygon</Filter>
    </ClCompile>
    <ClCompile Include="Src\Framework\Direct3D\Polygon\KdTrailPolygon.cpp">
      <Filter>Src\Framework\Direct3D\Polygon</Filter>
    </ClCompile>
    <ClCompile Include="Src\Framework\Direct3D\KdMaterial.cpp">
      <Filter>Src\Framework\Direct3D</Filter>
    </ClCompile>
    <ClCompile Include="Src\Framework\Direct3D\Polygon\KdPolygon.cpp">
      <Filter>Src\Framework\Direct3D\Polygon</Filter>
    </ClCompile>
    <ClCompile Include="Src\Framework\Shader\KdAmbientController.cpp">
      <Filter>Src\Framework\Shader</Filter>
    </ClCompile>
    <ClCompile Include="Src\Framework\Math\KdUVAnimation.cpp">
      <Filter>Src\Framework\Math</Filter>
    </ClCompile>
    <ClCompile Include="Src\Framework\Shader\KdRenderTargetChange.cpp">
      <Filter>Src\Framework\Shader</Filter>
    </ClCompile>
    <ClCompile Include="Src\Framework\Utility\KdFPSController.cpp">
      <Filter>Src\Framework\Utility</Filter>
    </ClCompile>
    <ClCompile Include="Src\Framework\Shader\StandardShader\KdStandardShader.cpp">
      <Filter>Src\Framework\Shader\StandardShader</Filter>
    </ClCompile>
    <ClCompile Include="Src\Framework\Effekseer\KdEffekseerManager.cpp">
      <Filter>Src\Framework\Effekseer</Filter>
    </ClCompile>
    <ClCompile Include="..\Library\imgui\imgui.cpp">
      <Filter>Library\imgui</Filter>
    </ClCompile>
    <ClCompile Include="..\Library\imgui\imgui_demo.cpp">
      <Filter>Library\imgui</Filter>
    </ClCompile>
    <ClCompile Include="..\Library\imgui\imgui_draw.cpp">
      <Filter>Library\imgui</Filter>
    </ClCompile>
    <ClCompile Include="..\Library\imgui\imgui_impl_dx11.cpp">
      <Filter>Library\imgui</Filter>
    </ClCompile>
    <ClCompile Include="..\Library\imgui\imgui_impl_win32.cpp">
      <Filter>Library\imgui</Filter>
    </ClCompile>
    <ClCompile Include="..\Library\imgui\imgui_stdlib.cpp">
      <Filter>Library\imgui</Filter>
    </ClCompile>
    <ClCompile Include="..\Library\imgui\imgui_tables.cpp">
      <Filter>Library\imgui</Filter>
    </ClCompile>
    <ClCompile Include="..\Library\imgui\imgui_widgets.cpp">
      <Filter>Library\imgui</Filter>
    </ClCompile>
    <ClCompile Include="Src\Framework\Font\KdFont.cpp">
      <Filter>Src\Framework\Font</Filter>
    </ClCompile>
    <ClCompile Include="Src\Framework\Utility\KdDebug\KdDebugGUI.cpp">
      <Filter>Src\Framework\Utility\KdDebug</Filter>
    </ClCompile>
    <ClCompile Include="Src\Framework\Utility\KdDebug\KdDebugWireFrame.cpp">
      <Filter>Src\Framework\Utility\KdDebug</Filter>
    </ClCompile>
    <ClCompile Include="Src\Application\Scene\SceneManager.cpp">
      <Filter>Src\Application\Scene</Filter>
    </ClCompile>
    <ClCompile Include="Src\Application\Scene\TitleScene\TitleScene.cpp">
      <Filter>Src\Application\Scene\TitleScene</Filter>
    </ClCompile>
    <ClCompile Include="Src\Application\Scene\GameScene\GameScene.cpp">
      <Filter>Src\Application\Scene\GameScene</Filter>
    </ClCompile>
    <ClCompile Include="Src\Application\Scene\BaseScene\BaseScene.cpp">
      <Filter>Src\Application\Scene\BaseScene</Filter>
    </ClCompile>
    <ClCompile Include="Src\Application\System\InputManager\InputManager.cpp">
      <Filter>Src\Application\System\InputManager</Filter>
    </ClCompile>
    <ClCompile Include="Src\Application\Object\Character\Player\Player.cpp">
      <Filter>Src\Application\Object\Character\Player</Filter>
    </ClCompile>
    <ClCompile Include="Src\Application\Object\Character\Enemy\BaseEnemy\BaseEnemy.cpp">
      <Filter>Src\Application\Object\Character\Enemy\BaseEnemy</Filter>
    </ClCompile>
    <ClCompile Include="Src\Application\System\CameraManager\CameraManager.cpp">
      <Filter>Src\Application\System\CameraManager</Filter>
    </ClCompile>
    <ClCompile Include="Src\Application\System\ResourceManager\ResourceManager.cpp">
      <Filter>Src\Application\System\ResourceManager</Filter>
    </ClCompile>
    <ClCompile Include="Src\Application\Object\Building\Building.cpp">
      <Filter>Src\Application\Object\Building</Filter>
    </ClCompile>
    <ClCompile Include="Src\Application\Object\ObjectManager\ObjectManager.cpp">
      <Filter>Src\Application\Object\ObjectManager</Filter>
    </ClCompile>
    <ClCompile Include="Src\Application\Object\Ground\Ground.cpp">
      <Filter>Src\Application\Object\Ground</Filter>
    </ClCompile>
    <ClCompile Include="Src\Application\System\EventBus\LocalEventBus.cpp">
      <Filter>Src\Application\System\EventBus</Filter>
    </ClCompile>
    <ClCompile Include="Src\Application\Object\EventObject\DeliveryPoint.cpp">
      <Filter>Src\Application\Object\EventObject</Filter>
    </ClCompile>
    <ClCompile Include="Src\Application\Object\SkySphere\SkySphere.cpp">
      <Filter>Src\Application\Object\SkySphere</Filter>
    </ClCompile>
    <ClCompile Include="Src\Application\Object\EventObject\SpeedUpObject\SpeedUpObject.cpp">
      <Filter>Src\Application\Object\EventObject\SpeedUpObject</Filter>
    </ClCompile>
    <ClCompile Include="Src\Application\Object\ObjectManager\SpawnManager\SpawnManager.cpp">
      <Filter>Src\Application\Object\ObjectManager\SpawnManager</Filter>
    </ClCompile>
    <ClCompile Include="Src\Application\Object\ObjectManager\MapManager\MapManager.cpp">
      <Filter>Src\Application\Object\ObjectManager\MapManager</Filter>
    </ClCompile>
    <ClCompile Include="Src\Application\System\Reader\Reader.cpp">
      <Filter>Src\Application\System\Reader</Filter>
    </ClCompile>
    <ClCompile Include="Src\Application\System\TimeManager\TimeManager.cpp">
      <Filter>Src\Application\System\TimeManager</Filter>
    </ClCompile>
    <ClCompile Include="Src\Application\System\UIManager\UIManager.cpp">
      <Filter>Src\Application\System\UIManager</Filter>
    </ClCompile>
    <ClCompile Include="Src\Application\System\UIManager\UIObject\Game\Meter\MeterUI.cpp">
      <Filter>Src\Application\System\UIManager\UI\Game\Meter</Filter>
    </ClCompile>
    <ClCompile Include="Src\Application\System\FadeManager\FadeManager.cpp">
      <Filter>Src\Application\System\FadeManager</Filter>
    </ClCompile>
    <ClCompile Include="Src\Application\Object\Effect\Exprosion\Exprosion.cpp">
      <Filter>Src\Application\Object\Effect\Exprosion</Filter>
    </ClCompile>
    <ClCompile Include="Src\Application\System\AudioManager\AudioManager.cpp">
      <Filter>Src\Application\System\AudioManager</Filter>
    </ClCompile>
    <ClCompile Include="Src\Application\System\ConvertScreen\ConvertScreen.cpp">
      <Filter>Src\Application\System\ConvertScreen</Filter>
    </ClCompile>
    <ClCompile Include="Src\Application\System\UIManager\UIObject\Game\Time\TimeUI.cpp">
      <Filter>Src\Application\System\UIManager\UI\Game\Time</Filter>
    </ClCompile>
    <ClCompile Include="Src\Application\Scene\ResultScene\ResultScene.cpp">
      <Filter>Src\Application\Scene\ResultScene</Filter>
    </ClCompile>
    <ClCompile Include="Src\Application\System\UIManager\UIObject\Result\DeliveryScore\DeliveryScoreUI.cpp">
      <Filter>Src\Application\System\UIManager\UI\Result\DeliveryScore</Filter>
    </ClCompile>
    <ClCompile Include="Src\Application\System\UIManager\UIObject\Result\DestroyScore\DestroyScoreUI.cpp">
      <Filter>Src\Application\System\UIManager\UI\Result\DestroyScore</Filter>
    </ClCompile>
    <ClCompile Include="Src\Application\System\UIManager\UIObject\Title\TitleText\TitleTextUI.cpp">
      <Filter>Src\Application\System\UIManager\UI\Title\TitleText</Filter>
    </ClCompile>
    <ClCompile Include="Src\Application\System\UIManager\UIObject\Result\ResultText\ResultTextUI.cpp">
      <Filter>Src\Application\System\UIManager\UI\Result\ResultText</Filter>
    </ClCompile>
    <ClCompile Include="Src\Application\Object\Effect\Smoke\Smoke.cpp">
      <Filter>Src\Application\Object\Effect\Smoke</Filter>
    </ClCompile>
  </ItemGroup>
  <ItemGroup>
    <None Include="Src\Framework\Shader\inc_KdCommon.hlsli">
      <Filter>Src\Framework\Shader</Filter>
    </None>
    <None Include="Src\Framework\Shader\SpriteShader\inc_KdSpriteShader.hlsli">
      <Filter>Src\Framework\Shader\SpriteShader</Filter>
    </None>
    <None Include="Src\Framework\Shader\PostProcessShader\inc_KdPostProcessShader.hlsli">
      <Filter>Src\Framework\Shader\PostProcessShader</Filter>
    </None>
    <None Include="Src\Framework\Shader\StandardShader\inc_KdStandardShader.hlsli">
      <Filter>Src\Framework\Shader\StandardShader</Filter>
    </None>
  </ItemGroup>
  <ItemGroup>
    <FxCompile Include="Src\Framework\Shader\SpriteShader\KdSpriteShader_PS.hlsl">
      <Filter>Src\Framework\Shader\SpriteShader</Filter>
    </FxCompile>
    <FxCompile Include="Src\Framework\Shader\SpriteShader\KdSpriteShader_VS.hlsl">
      <Filter>Src\Framework\Shader\SpriteShader</Filter>
    </FxCompile>
    <FxCompile Include="Src\Framework\Shader\PostProcessShader\KdPostProcessShader_PS_Blur.hlsl">
      <Filter>Src\Framework\Shader\PostProcessShader</Filter>
    </FxCompile>
    <FxCompile Include="Src\Framework\Shader\PostProcessShader\KdPostProcessShader_VS.hlsl">
      <Filter>Src\Framework\Shader\PostProcessShader</Filter>
    </FxCompile>
    <FxCompile Include="Src\Framework\Shader\PostProcessShader\KdPostProcessShader_PS_DoF.hlsl">
      <Filter>Src\Framework\Shader\PostProcessShader</Filter>
    </FxCompile>
    <FxCompile Include="Src\Framework\Shader\PostProcessShader\KdPostProcessShader_PS_Bright.hlsl">
      <Filter>Src\Framework\Shader\PostProcessShader</Filter>
    </FxCompile>
    <FxCompile Include="Src\Framework\Shader\StandardShader\KdStandardShader_PS_GenDepthMapFromLight.hlsl">
      <Filter>Src\Framework\Shader\StandardShader</Filter>
    </FxCompile>
    <FxCompile Include="Src\Framework\Shader\StandardShader\KdStandardShader_PS_Lit.hlsl">
      <Filter>Src\Framework\Shader\StandardShader</Filter>
    </FxCompile>
    <FxCompile Include="Src\Framework\Shader\StandardShader\KdStandardShader_PS_UnLit.hlsl">
      <Filter>Src\Framework\Shader\StandardShader</Filter>
    </FxCompile>
    <FxCompile Include="Src\Framework\Shader\StandardShader\KdStandardShader_VS_GenDepthMapFromLight.hlsl">
      <Filter>Src\Framework\Shader\StandardShader</Filter>
    </FxCompile>
    <FxCompile Include="Src\Framework\Shader\StandardShader\KdStandardShader_VS_Lit.hlsl">
      <Filter>Src\Framework\Shader\StandardShader</Filter>
    </FxCompile>
    <FxCompile Include="Src\Framework\Shader\StandardShader\KdStandardShader_VS_UnLit.hlsl">
      <Filter>Src\Framework\Shader\StandardShader</Filter>
    </FxCompile>
    <FxCompile Include="Src\Framework\Shader\PostProcessShader\KdPostProcessShader_PS_SpeedBlur.hlsl">
      <Filter>Src\Framework\Shader\PostProcessShader</Filter>
    </FxCompile>
  </ItemGroup>
</Project>